
Microsoft Visual Studio Solution File, Format Version 12.00
# Visual Studio Version 17
VisualStudioVersion = 17.13.35931.197 d17.13
MinimumVisualStudioVersion = 10.0.40219.1
Project("{FAE04EC0-301F-11D3-BF4B-00C04F79EFBC}") = "EmprestimoLivros", "EmprestimoLivros\EmprestimoLivros.csproj", "{C2998086-D44F-48B3-854F-BDF6426AF29E}"
EndProject
Global
	GlobalSection(SolutionConfigurationPlatforms) = preSolution
		Debug|Any CPU = Debug|Any CPU
		Release|Any CPU = Release|Any CPU
	EndGlobalSection
	GlobalSection(ProjectConfigurationPlatforms) = postSolution
		{C2998086-D44F-48B3-854F-BDF6426AF29E}.Debug|Any CPU.ActiveCfg = Debug|Any CPU
		{C2998086-D44F-48B3-854F-BDF6426AF29E}.Debug|Any CPU.Build.0 = Debug|Any CPU
		{C2998086-D44F-48B3-854F-BDF6426AF29E}.Release|Any CPU.ActiveCfg = Release|Any CPU
		{C2998086-D44F-48B3-854F-BDF6426AF29E}.Release|Any CPU.Build.0 = Release|Any CPU
	EndGlobalSection
	GlobalSection(SolutionProperties) = preSolution
		HideSolutionNode = FALSE
	EndGlobalSection
	GlobalSection(ExtensibilityGlobals) = postSolution
		SolutionGuid = {436D0B3A-0F27-42CE-B53F-72DD6658CDDE}
	EndGlobalSection
EndGlobal
